
Microsoft Visual Studio Solution File, Format Version 12.00
# Visual Studio 15
VisualStudioVersion = 15.0.26228.9
MinimumVisualStudioVersion = 10.0.40219.1
Project("{FAE04EC0-301F-11D3-BF4B-00C04F79EFBC}") = "BehaviourEngine", "BehaviourEngine\BehaviourEngine.csproj", "{7D5DF43B-9681-4C50-A28D-C2D6A5476CA8}"
EndProject
Project("{FAE04EC0-301F-11D3-BF4B-00C04F79EFBC}") = "EngineBuilder", "EngineBuilder\EngineBuilder.csproj", "{07F1DB04-9626-4DFA-9D95-72C476B8B5EF}"
EndProject
Project("{FAE04EC0-301F-11D3-BF4B-00C04F79EFBC}") = "EngineBuilder.Tests", "EngineBuilder.Tests\EngineBuilder.Tests.csproj", "{6DED6901-1C40-4E7F-BE20-5FDCDA89622B}"
EndProject
Project("{FAE04EC0-301F-11D3-BF4B-00C04F79EFBC}") = "BehaviourEngine.Example", "BehaviourEngine.Example\BehaviourEngine.Example.csproj", "{0CC5EC6C-16DE-4CE5-9831-613D7E83AD39}"
EndProject
Global
	GlobalSection(SolutionConfigurationPlatforms) = preSolution
		Debug|Any CPU = Debug|Any CPU
		Release|Any CPU = Release|Any CPU
	EndGlobalSection
	GlobalSection(ProjectConfigurationPlatforms) = postSolution
		{7D5DF43B-9681-4C50-A28D-C2D6A5476CA8}.Debug|Any CPU.ActiveCfg = Debug|Any CPU
		{7D5DF43B-9681-4C50-A28D-C2D6A5476CA8}.Debug|Any CPU.Build.0 = Debug|Any CPU
		{7D5DF43B-9681-4C50-A28D-C2D6A5476CA8}.Release|Any CPU.ActiveCfg = Release|Any CPU
		{7D5DF43B-9681-4C50-A28D-C2D6A5476CA8}.Release|Any CPU.Build.0 = Release|Any CPU
		{07F1DB04-9626-4DFA-9D95-72C476B8B5EF}.Debug|Any CPU.ActiveCfg = Debug|Any CPU
		{07F1DB04-9626-4DFA-9D95-72C476B8B5EF}.Debug|Any CPU.Build.0 = Debug|Any CPU
		{07F1DB04-9626-4DFA-9D95-72C476B8B5EF}.Release|Any CPU.ActiveCfg = Release|Any CPU
		{07F1DB04-9626-4DFA-9D95-72C476B8B5EF}.Release|Any CPU.Build.0 = Release|Any CPU
		{6DED6901-1C40-4E7F-BE20-5FDCDA89622B}.Debug|Any CPU.ActiveCfg = Debug|Any CPU
		{6DED6901-1C40-4E7F-BE20-5FDCDA89622B}.Debug|Any CPU.Build.0 = Debug|Any CPU
		{6DED6901-1C40-4E7F-BE20-5FDCDA89622B}.Release|Any CPU.ActiveCfg = Release|Any CPU
		{6DED6901-1C40-4E7F-BE20-5FDCDA89622B}.Release|Any CPU.Build.0 = Release|Any CPU
		{0CC5EC6C-16DE-4CE5-9831-613D7E83AD39}.Debug|Any CPU.ActiveCfg = Debug|Any CPU
		{0CC5EC6C-16DE-4CE5-9831-613D7E83AD39}.Debug|Any CPU.Build.0 = Debug|Any CPU
		{0CC5EC6C-16DE-4CE5-9831-613D7E83AD39}.Release|Any CPU.ActiveCfg = Release|Any CPU
		{0CC5EC6C-16DE-4CE5-9831-613D7E83AD39}.Release|Any CPU.Build.0 = Release|Any CPU
	EndGlobalSection
	GlobalSection(SolutionProperties) = preSolution
		HideSolutionNode = FALSE
	EndGlobalSection
EndGlobal
